
Microsoft Visual Studio Solution File, Format Version 12.00
# Visual Studio Version 17
VisualStudioVersion = 17.9.34622.214
MinimumVisualStudioVersion = 10.0.40219.1
Project("{2150E333-8FDC-42A3-9474-1A3956D46DE8}") = "src", "src", "{1DEAB9B1-050F-4815-95A2-9761DBEBD654}"
EndProject
Project("{2150E333-8FDC-42A3-9474-1A3956D46DE8}") = "Gateway", "Gateway", "{5F0EEC8A-7F52-4447-816C-C32114B820F9}"
EndProject
Project("{2150E333-8FDC-42A3-9474-1A3956D46DE8}") = "Services", "Services", "{53081704-B041-4389-B29C-17B7C5BE04C0}"
EndProject
Project("{9A19103F-16F7-4668-BE54-9A1E7A4F7556}") = "Gateway.Api", "src\Gateway.Api\Gateway.Api.csproj", "{A4C2A3A5-B171-4BC2-93E4-D08A75098114}"
EndProject
Project("{FAE04EC0-301F-11D3-BF4B-00C04F79EFBC}") = "Identity.Api", "src\Identity.Api\Identity.Api.csproj", "{957435FA-AC5B-4380-9A75-C30AC99CF022}"
EndProject
Project("{2150E333-8FDC-42A3-9474-1A3956D46DE8}") = "Identity", "Identity", "{856E6C58-7380-4D52-B414-0BBBBAEA6B2E}"
EndProject
Project("{FAE04EC0-301F-11D3-BF4B-00C04F79EFBC}") = "Identity.Application", "src\Identity.Application\Identity.Application.csproj", "{FD3341F3-2CD8-4BE7-B173-77249EDD64FB}"
EndProject
Project("{FAE04EC0-301F-11D3-BF4B-00C04F79EFBC}") = "Identity.Domain", "src\Identity.Domain\Identity.Domain.csproj", "{BBD59ADD-95F3-415F-B24B-667939653ADD}"
EndProject
Project("{FAE04EC0-301F-11D3-BF4B-00C04F79EFBC}") = "Identity.Infrastructure", "src\Identity.Infrastructure\Identity.Infrastructure.csproj", "{84333752-5AD1-454F-8491-4DB5F75C4851}"
EndProject
Global
	GlobalSection(SolutionConfigurationPlatforms) = preSolution
		Debug|Any CPU = Debug|Any CPU
		Release|Any CPU = Release|Any CPU
	EndGlobalSection
	GlobalSection(ProjectConfigurationPlatforms) = postSolution
		{A4C2A3A5-B171-4BC2-93E4-D08A75098114}.Debug|Any CPU.ActiveCfg = Debug|Any CPU
		{A4C2A3A5-B171-4BC2-93E4-D08A75098114}.Debug|Any CPU.Build.0 = Debug|Any CPU
		{A4C2A3A5-B171-4BC2-93E4-D08A75098114}.Release|Any CPU.ActiveCfg = Release|Any CPU
		{A4C2A3A5-B171-4BC2-93E4-D08A75098114}.Release|Any CPU.Build.0 = Release|Any CPU
		{957435FA-AC5B-4380-9A75-C30AC99CF022}.Debug|Any CPU.ActiveCfg = Debug|Any CPU
		{957435FA-AC5B-4380-9A75-C30AC99CF022}.Debug|Any CPU.Build.0 = Debug|Any CPU
		{957435FA-AC5B-4380-9A75-C30AC99CF022}.Release|Any CPU.ActiveCfg = Release|Any CPU
		{957435FA-AC5B-4380-9A75-C30AC99CF022}.Release|Any CPU.Build.0 = Release|Any CPU
		{FD3341F3-2CD8-4BE7-B173-77249EDD64FB}.Debug|Any CPU.ActiveCfg = Debug|Any CPU
		{FD3341F3-2CD8-4BE7-B173-77249EDD64FB}.Debug|Any CPU.Build.0 = Debug|Any CPU
		{FD3341F3-2CD8-4BE7-B173-77249EDD64FB}.Release|Any CPU.ActiveCfg = Release|Any CPU
		{FD3341F3-2CD8-4BE7-B173-77249EDD64FB}.Release|Any CPU.Build.0 = Release|Any CPU
		{BBD59ADD-95F3-415F-B24B-667939653ADD}.Debug|Any CPU.ActiveCfg = Debug|Any CPU
		{BBD59ADD-95F3-415F-B24B-667939653ADD}.Debug|Any CPU.Build.0 = Debug|Any CPU
		{BBD59ADD-95F3-415F-B24B-667939653ADD}.Release|Any CPU.ActiveCfg = Release|Any CPU
		{BBD59ADD-95F3-415F-B24B-667939653ADD}.Release|Any CPU.Build.0 = Release|Any CPU
		{84333752-5AD1-454F-8491-4DB5F75C4851}.Debug|Any CPU.ActiveCfg = Debug|Any CPU
		{84333752-5AD1-454F-8491-4DB5F75C4851}.Debug|Any CPU.Build.0 = Debug|Any CPU
		{84333752-5AD1-454F-8491-4DB5F75C4851}.Release|Any CPU.ActiveCfg = Release|Any CPU
		{84333752-5AD1-454F-8491-4DB5F75C4851}.Release|Any CPU.Build.0 = Release|Any CPU
	EndGlobalSection
	GlobalSection(SolutionProperties) = preSolution
		HideSolutionNode = FALSE
	EndGlobalSection
	GlobalSection(NestedProjects) = preSolution
		{5F0EEC8A-7F52-4447-816C-C32114B820F9} = {1DEAB9B1-050F-4815-95A2-9761DBEBD654}
		{53081704-B041-4389-B29C-17B7C5BE04C0} = {1DEAB9B1-050F-4815-95A2-9761DBEBD654}
		{A4C2A3A5-B171-4BC2-93E4-D08A75098114} = {5F0EEC8A-7F52-4447-816C-C32114B820F9}
		{957435FA-AC5B-4380-9A75-C30AC99CF022} = {856E6C58-7380-4D52-B414-0BBBBAEA6B2E}
		{856E6C58-7380-4D52-B414-0BBBBAEA6B2E} = {53081704-B041-4389-B29C-17B7C5BE04C0}
		{FD3341F3-2CD8-4BE7-B173-77249EDD64FB} = {856E6C58-7380-4D52-B414-0BBBBAEA6B2E}
		{BBD59ADD-95F3-415F-B24B-667939653ADD} = {856E6C58-7380-4D52-B414-0BBBBAEA6B2E}
		{84333752-5AD1-454F-8491-4DB5F75C4851} = {856E6C58-7380-4D52-B414-0BBBBAEA6B2E}
	EndGlobalSection
	GlobalSection(ExtensibilityGlobals) = postSolution
		SolutionGuid = {D2E2D00D-2CEA-40C7-BE2D-DE757C7F5522}
	EndGlobalSection
EndGlobal
